
Microsoft Visual Studio Solution File, Format Version 12.00
# Visual Studio Version 16
VisualStudioVersion = 16.0.30611.23
MinimumVisualStudioVersion = 10.0.40219.1
Project("{FAE04EC0-301F-11D3-BF4B-00C04F79EFBC}") = "NoteAppUI", "NoteAppUI\NoteAppUI.csproj", "{ED63D9AF-A7A2-4C5E-88BF-F85C7A0956A2}"
EndProject
Project("{9A19103F-16F7-4668-BE54-9A1E7A4F7556}") = "NoteApp", "NoteApp\NoteApp.csproj", "{CB16DF0D-A5B2-4C2F-967C-6F4461757889}"
EndProject
Project("{2150E333-8FDC-42A3-9474-1A3956D46DE8}") = "Отчеты", "Отчеты", "{3E31234A-FC7B-46E7-B288-D2972D764F69}"
	ProjectSection(SolutionItems) = preProject
		Отчеты\СПО1.docx = Отчеты\СПО1.docx
		Отчеты\СПО2.docx = Отчеты\СПО2.docx
		Отчеты\СПО3.docx = Отчеты\СПО3.docx
	EndProjectSection
EndProject
Project("{FAE04EC0-301F-11D3-BF4B-00C04F79EFBC}") = "NoteApp.UnitTests", "..\NoteApp.UnitTests\NoteApp.UnitTests.csproj", "{E057B159-27A9-44F2-B707-DA58C445C458}"
EndProject
Global
	GlobalSection(SolutionConfigurationPlatforms) = preSolution
		Debug|Any CPU = Debug|Any CPU
		Release|Any CPU = Release|Any CPU
	EndGlobalSection
	GlobalSection(ProjectConfigurationPlatforms) = postSolution
		{ED63D9AF-A7A2-4C5E-88BF-F85C7A0956A2}.Debug|Any CPU.ActiveCfg = Debug|Any CPU
		{ED63D9AF-A7A2-4C5E-88BF-F85C7A0956A2}.Debug|Any CPU.Build.0 = Debug|Any CPU
		{ED63D9AF-A7A2-4C5E-88BF-F85C7A0956A2}.Release|Any CPU.ActiveCfg = Release|Any CPU
		{ED63D9AF-A7A2-4C5E-88BF-F85C7A0956A2}.Release|Any CPU.Build.0 = Release|Any CPU
		{CB16DF0D-A5B2-4C2F-967C-6F4461757889}.Debug|Any CPU.ActiveCfg = Debug|Any CPU
		{CB16DF0D-A5B2-4C2F-967C-6F4461757889}.Debug|Any CPU.Build.0 = Debug|Any CPU
		{CB16DF0D-A5B2-4C2F-967C-6F4461757889}.Release|Any CPU.ActiveCfg = Release|Any CPU
		{CB16DF0D-A5B2-4C2F-967C-6F4461757889}.Release|Any CPU.Build.0 = Release|Any CPU
		{E057B159-27A9-44F2-B707-DA58C445C458}.Debug|Any CPU.ActiveCfg = Debug|Any CPU
		{E057B159-27A9-44F2-B707-DA58C445C458}.Debug|Any CPU.Build.0 = Debug|Any CPU
		{E057B159-27A9-44F2-B707-DA58C445C458}.Release|Any CPU.ActiveCfg = Release|Any CPU
		{E057B159-27A9-44F2-B707-DA58C445C458}.Release|Any CPU.Build.0 = Release|Any CPU
	EndGlobalSection
	GlobalSection(SolutionProperties) = preSolution
		HideSolutionNode = FALSE
	EndGlobalSection
	GlobalSection(ExtensibilityGlobals) = postSolution
		SolutionGuid = {73C58171-E2AF-40E7-A0D1-A0EAB0B78DF3}
	EndGlobalSection
EndGlobal
